// !$*UTF8*$!
{
	archiveVersion = 1;
	classes = {
	};
	objectVersion = 55;
	objects = {

/* Begin PBXBuildFile section */
		315EE6A42A8D17B98DBF3449 /* Pods_TableTest.framework in Frameworks */ = {isa = PBXBuildFile; fileRef = CE90263DAC291FB7CE7EA5F2 /* Pods_TableTest.framework */; };
		FF90124E278BBF2D0039025F /* AppDelegate.swift in Sources */ = {isa = PBXBuildFile; fileRef = FF90124D278BBF2D0039025F /* AppDelegate.swift */; };
		FF901250278BBF2D0039025F /* SceneDelegate.swift in Sources */ = {isa = PBXBuildFile; fileRef = FF90124F278BBF2D0039025F /* SceneDelegate.swift */; };
		FF901252278BBF2D0039025F /* ViewController.swift in Sources */ = {isa = PBXBuildFile; fileRef = FF901251278BBF2D0039025F /* ViewController.swift */; };
		FF901255278BBF2D0039025F /* Main.storyboard in Resources */ = {isa = PBXBuildFile; fileRef = FF901253278BBF2D0039025F /* Main.storyboard */; };
		FF901257278BBF2E0039025F /* Assets.xcassets in Resources */ = {isa = PBXBuildFile; fileRef = FF901256278BBF2E0039025F /* Assets.xcassets */; };
		FF90125A278BBF2E0039025F /* LaunchScreen.storyboard in Resources */ = {isa = PBXBuildFile; fileRef = FF901258278BBF2E0039025F /* LaunchScreen.storyboard */; };
		FF901265278BBF2F0039025F /* TableTestTests.swift in Sources */ = {isa = PBXBuildFile; fileRef = FF901264278BBF2F0039025F /* TableTestTests.swift */; };
		FF90126F278BBF2F0039025F /* TableTestUITests.swift in Sources */ = {isa = PBXBuildFile; fileRef = FF90126E278BBF2F0039025F /* TableTestUITests.swift */; };
		FF901271278BBF2F0039025F /* TableTestUITestsLaunchTests.swift in Sources */ = {isa = PBXBuildFile; fileRef = FF901270278BBF2F0039025F /* TableTestUITestsLaunchTests.swift */; };
		FF901281278BE3410039025F /* Animal.swift in Sources */ = {isa = PBXBuildFile; fileRef = FF901280278BE3410039025F /* Animal.swift */; };
		FF901283278BF9DB0039025F /* animals.json in Resources */ = {isa = PBXBuildFile; fileRef = FF901282278BF6350039025F /* animals.json */; };
		FF901286278BFF500039025F /* sound.mp3 in Resources */ = {isa = PBXBuildFile; fileRef = FF901285278BFF500039025F /* sound.mp3 */; };
		FF901288278D1EF70039025F /* DetailsViewController.swift in Sources */ = {isa = PBXBuildFile; fileRef = FF901287278D1EF60039025F /* DetailsViewController.swift */; };
/* End PBXBuildFile section */

/* Begin PBXContainerItemProxy section */
		FF901261278BBF2F0039025F /* PBXContainerItemProxy */ = {
			isa = PBXContainerItemProxy;
			containerPortal = FF901242278BBF2D0039025F /* Project object */;
			proxyType = 1;
			remoteGlobalIDString = FF901249278BBF2D0039025F;
			remoteInfo = TableTest;
		};
		FF90126B278BBF2F0039025F /* PBXContainerItemProxy */ = {
			isa = PBXContainerItemProxy;
			containerPortal = FF901242278BBF2D0039025F /* Project object */;
			proxyType = 1;
			remoteGlobalIDString = FF901249278BBF2D0039025F;
			remoteInfo = TableTest;
		};
/* End PBXContainerItemProxy section */

/* Begin PBXFileReference section */
		3915C59A3E68DE5C1301CBD6 /* Pods-TableTest.release.xcconfig */ = {isa = PBXFileReference; includeInIndex = 1; lastKnownFileType = text.xcconfig; name = "Pods-TableTest.release.xcconfig"; path = "Target Support Files/Pods-TableTest/Pods-TableTest.release.xcconfig"; sourceTree = "<group>"; };
		62D5907C5810850E73F6A4E9 /* Pods-TableTest.debug.xcconfig */ = {isa = PBXFileReference; includeInIndex = 1; lastKnownFileType = text.xcconfig; name = "Pods-TableTest.debug.xcconfig"; path = "Target Support Files/Pods-TableTest/Pods-TableTest.debug.xcconfig"; sourceTree = "<group>"; };
		CE90263DAC291FB7CE7EA5F2 /* Pods_TableTest.framework */ = {isa = PBXFileReference; explicitFileType = wrapper.framework; includeInIndex = 0; path = Pods_TableTest.framework; sourceTree = BUILT_PRODUCTS_DIR; };
		FF90124A278BBF2D0039025F /* TableTest.app */ = {isa = PBXFileReference; explicitFileType = wrapper.application; includeInIndex = 0; path = TableTest.app; sourceTree = BUILT_PRODUCTS_DIR; };
		FF90124D278BBF2D0039025F /* AppDelegate.swift */ = {isa = PBXFileReference; lastKnownFileType = sourcecode.swift; path = AppDelegate.swift; sourceTree = "<group>"; };
		FF90124F278BBF2D0039025F /* SceneDelegate.swift */ = {isa = PBXFileReference; lastKnownFileType = sourcecode.swift; path = SceneDelegate.swift; sourceTree = "<group>"; };
		FF901251278BBF2D0039025F /* ViewController.swift */ = {isa = PBXFileReference; lastKnownFileType = sourcecode.swift; path = ViewController.swift; sourceTree = "<group>"; };
		FF901254278BBF2D0039025F /* Base */ = {isa = PBXFileReference; lastKnownFileType = file.storyboard; name = Base; path = Base.lproj/Main.storyboard; sourceTree = "<group>"; };
		FF901256278BBF2E0039025F /* Assets.xcassets */ = {isa = PBXFileReference; lastKnownFileType = folder.assetcatalog; path = Assets.xcassets; sourceTree = "<group>"; };
		FF901259278BBF2E0039025F /* Base */ = {isa = PBXFileReference; lastKnownFileType = file.storyboard; name = Base; path = Base.lproj/LaunchScreen.storyboard; sourceTree = "<group>"; };
		FF90125B278BBF2E0039025F /* Info.plist */ = {isa = PBXFileReference; lastKnownFileType = text.plist.xml; path = Info.plist; sourceTree = "<group>"; };
		FF901260278BBF2F0039025F /* TableTestTests.xctest */ = {isa = PBXFileReference; explicitFileType = wrapper.cfbundle; includeInIndex = 0; path = TableTestTests.xctest; sourceTree = BUILT_PRODUCTS_DIR; };
		FF901264278BBF2F0039025F /* TableTestTests.swift */ = {isa = PBXFileReference; lastKnownFileType = sourcecode.swift; path = TableTestTests.swift; sourceTree = "<group>"; };
		FF90126A278BBF2F0039025F /* TableTestUITests.xctest */ = {isa = PBXFileReference; explicitFileType = wrapper.cfbundle; includeInIndex = 0; path = TableTestUITests.xctest; sourceTree = BUILT_PRODUCTS_DIR; };
		FF90126E278BBF2F0039025F /* TableTestUITests.swift */ = {isa = PBXFileReference; lastKnownFileType = sourcecode.swift; path = TableTestUITests.swift; sourceTree = "<group>"; };
		FF901270278BBF2F0039025F /* TableTestUITestsLaunchTests.swift */ = {isa = PBXFileReference; lastKnownFileType = sourcecode.swift; path = TableTestUITestsLaunchTests.swift; sourceTree = "<group>"; };
		FF901280278BE3410039025F /* Animal.swift */ = {isa = PBXFileReference; lastKnownFileType = sourcecode.swift; path = Animal.swift; sourceTree = "<group>"; };
		FF901282278BF6350039025F /* animals.json */ = {isa = PBXFileReference; lastKnownFileType = text.json; path = animals.json; sourceTree = "<group>"; };
		FF901285278BFF500039025F /* sound.mp3 */ = {isa = PBXFileReference; lastKnownFileType = audio.mp3; path = sound.mp3; sourceTree = "<group>"; };
		FF901287278D1EF60039025F /* DetailsViewController.swift */ = {isa = PBXFileReference; lastKnownFileType = sourcecode.swift; path = DetailsViewController.swift; sourceTree = "<group>"; };
/* End PBXFileReference section */

/* Begin PBXFrameworksBuildPhase section */
		FF901247278BBF2D0039025F /* Frameworks */ = {
			isa = PBXFrameworksBuildPhase;
			buildActionMask = 2147483647;
			files = (
				315EE6A42A8D17B98DBF3449 /* Pods_TableTest.framework in Frameworks */,
			);
			runOnlyForDeploymentPostprocessing = 0;
		};
		FF90125D278BBF2F0039025F /* Frameworks */ = {
			isa = PBXFrameworksBuildPhase;
			buildActionMask = 2147483647;
			files = (
			);
			runOnlyForDeploymentPostprocessing = 0;
		};
		FF901267278BBF2F0039025F /* Frameworks */ = {
			isa = PBXFrameworksBuildPhase;
			buildActionMask = 2147483647;
			files = (
			);
			runOnlyForDeploymentPostprocessing = 0;
		};
/* End PBXFrameworksBuildPhase section */

/* Begin PBXGroup section */
		098E22B7FBB2B81290C579A6 /* Pods */ = {
			isa = PBXGroup;
			children = (
				62D5907C5810850E73F6A4E9 /* Pods-TableTest.debug.xcconfig */,
				3915C59A3E68DE5C1301CBD6 /* Pods-TableTest.release.xcconfig */,
			);
			name = Pods;
			path = Pods;
			sourceTree = "<group>";
		};
		10263E1213B9F69E80A5A26A /* Frameworks */ = {
			isa = PBXGroup;
			children = (
				CE90263DAC291FB7CE7EA5F2 /* Pods_TableTest.framework */,
			);
			name = Frameworks;
			sourceTree = "<group>";
		};
		FF901241278BBF2D0039025F = {
			isa = PBXGroup;
			children = (
				FF90124C278BBF2D0039025F /* TableTest */,
				FF901263278BBF2F0039025F /* TableTestTests */,
				FF90126D278BBF2F0039025F /* TableTestUITests */,
				FF90124B278BBF2D0039025F /* Products */,
				098E22B7FBB2B81290C579A6 /* Pods */,
				10263E1213B9F69E80A5A26A /* Frameworks */,
			);
			sourceTree = "<group>";
		};
		FF90124B278BBF2D0039025F /* Products */ = {
			isa = PBXGroup;
			children = (
				FF90124A278BBF2D0039025F /* TableTest.app */,
				FF901260278BBF2F0039025F /* TableTestTests.xctest */,
				FF90126A278BBF2F0039025F /* TableTestUITests.xctest */,
			);
			name = Products;
			sourceTree = "<group>";
		};
		FF90124C278BBF2D0039025F /* TableTest */ = {
			isa = PBXGroup;
			children = (
				FF901284278BFE900039025F /* Sound */,
				FF90127F278BBFA60039025F /* Model */,
				FF90127E278BBF9D0039025F /* Controller */,
				FF90127D278BBF520039025F /* View */,
				FF90124D278BBF2D0039025F /* AppDelegate.swift */,
				FF90124F278BBF2D0039025F /* SceneDelegate.swift */,
				FF901256278BBF2E0039025F /* Assets.xcassets */,
				FF90125B278BBF2E0039025F /* Info.plist */,
				FF901282278BF6350039025F /* animals.json */,
			);
			path = TableTest;
			sourceTree = "<group>";
		};
		FF901263278BBF2F0039025F /* TableTestTests */ = {
			isa = PBXGroup;
			children = (
				FF901264278BBF2F0039025F /* TableTestTests.swift */,
			);
			path = TableTestTests;
			sourceTree = "<group>";
		};
		FF90126D278BBF2F0039025F /* TableTestUITests */ = {
			isa = PBXGroup;
			children = (
				FF90126E278BBF2F0039025F /* TableTestUITests.swift */,
				FF901270278BBF2F0039025F /* TableTestUITestsLaunchTests.swift */,
			);
			path = TableTestUITests;
			sourceTree = "<group>";
		};
		FF90127D278BBF520039025F /* View */ = {
			isa = PBXGroup;
			children = (
				FF901253278BBF2D0039025F /* Main.storyboard */,
				FF901258278BBF2E0039025F /* LaunchScreen.storyboard */,
			);
			path = View;
			sourceTree = "<group>";
		};
		FF90127E278BBF9D0039025F /* Controller */ = {
			isa = PBXGroup;
			children = (
				FF901251278BBF2D0039025F /* ViewController.swift */,
				FF901287278D1EF60039025F /* DetailsViewController.swift */,
			);
			path = Controller;
			sourceTree = "<group>";
		};
		FF90127F278BBFA60039025F /* Model */ = {
			isa = PBXGroup;
			children = (
				FF901280278BE3410039025F /* Animal.swift */,
			);
			path = Model;
			sourceTree = "<group>";
		};
		FF901284278BFE900039025F /* Sound */ = {
			isa = PBXGroup;
			children = (
				FF901285278BFF500039025F /* sound.mp3 */,
			);
			path = Sound;
			sourceTree = "<group>";
		};
/* End PBXGroup section */

/* Begin PBXNativeTarget section */
		FF901249278BBF2D0039025F /* TableTest */ = {
			isa = PBXNativeTarget;
			buildConfigurationList = FF901274278BBF2F0039025F /* Build configuration list for PBXNativeTarget "TableTest" */;
			buildPhases = (
				102495E0C4E228F27E24870A /* [CP] Check Pods Manifest.lock */,
				FF901246278BBF2D0039025F /* Sources */,
				FF901247278BBF2D0039025F /* Frameworks */,
				FF901248278BBF2D0039025F /* Resources */,
				99AE995C0F7456AB9245FC9E /* [CP] Embed Pods Frameworks */,
			);
			buildRules = (
			);
			dependencies = (
			);
			name = TableTest;
			productName = TableTest;
			productReference = FF90124A278BBF2D0039025F /* TableTest.app */;
			productType = "com.apple.product-type.application";
		};
		FF90125F278BBF2F0039025F /* TableTestTests */ = {
			isa = PBXNativeTarget;
			buildConfigurationList = FF901277278BBF2F0039025F /* Build configuration list for PBXNativeTarget "TableTestTests" */;
			buildPhases = (
				FF90125C278BBF2F0039025F /* Sources */,
				FF90125D278BBF2F0039025F /* Frameworks */,
				FF90125E278BBF2F0039025F /* Resources */,
			);
			buildRules = (
			);
			dependencies = (
				FF901262278BBF2F0039025F /* PBXTargetDependency */,
			);
			name = TableTestTests;
			productName = TableTestTests;
			productReference = FF901260278BBF2F0039025F /* TableTestTests.xctest */;
			productType = "com.apple.product-type.bundle.unit-test";
		};
		FF901269278BBF2F0039025F /* TableTestUITests */ = {
			isa = PBXNativeTarget;
			buildConfigurationList = FF90127A278BBF2F0039025F /* Build configuration list for PBXNativeTarget "TableTestUITests" */;
			buildPhases = (
				FF901266278BBF2F0039025F /* Sources */,
				FF901267278BBF2F0039025F /* Frameworks */,
				FF901268278BBF2F0039025F /* Resources */,
			);
			buildRules = (
			);
			dependencies = (
				FF90126C278BBF2F0039025F /* PBXTargetDependency */,
			);
			name = TableTestUITests;
			productName = TableTestUITests;
			productReference = FF90126A278BBF2F0039025F /* TableTestUITests.xctest */;
			productType = "com.apple.product-type.bundle.ui-testing";
		};
/* End PBXNativeTarget section */

/* Begin PBXProject section */
		FF901242278BBF2D0039025F /* Project object */ = {
			isa = PBXProject;
			attributes = {
				BuildIndependentTargetsInParallel = 1;
				LastSwiftUpdateCheck = 1320;
				LastUpgradeCheck = 1320;
				TargetAttributes = {
					FF901249278BBF2D0039025F = {
						CreatedOnToolsVersion = 13.2.1;
					};
					FF90125F278BBF2F0039025F = {
						CreatedOnToolsVersion = 13.2.1;
						TestTargetID = FF901249278BBF2D0039025F;
					};
					FF901269278BBF2F0039025F = {
						CreatedOnToolsVersion = 13.2.1;
						TestTargetID = FF901249278BBF2D0039025F;
					};
				};
			};
			buildConfigurationList = FF901245278BBF2D0039025F /* Build configuration list for PBXProject "TableTest" */;
			compatibilityVersion = "Xcode 13.0";
			developmentRegion = en;
			hasScannedForEncodings = 0;
			knownRegions = (
				en,
				Base,
			);
			mainGroup = FF901241278BBF2D0039025F;
			productRefGroup = FF90124B278BBF2D0039025F /* Products */;
			projectDirPath = "";
			projectRoot = "";
			targets = (
				FF901249278BBF2D0039025F /* TableTest */,
				FF90125F278BBF2F0039025F /* TableTestTests */,
				FF901269278BBF2F0039025F /* TableTestUITests */,
			);
		};
/* End PBXProject section */

/* Begin PBXResourcesBuildPhase section */
		FF901248278BBF2D0039025F /* Resources */ = {
			isa = PBXResourcesBuildPhase;
			buildActionMask = 2147483647;
			files = (
				FF901283278BF9DB0039025F /* animals.json in Resources */,
				FF90125A278BBF2E0039025F /* LaunchScreen.storyboard in Resources */,
				FF901257278BBF2E0039025F /* Assets.xcassets in Resources */,
				FF901286278BFF500039025F /* sound.mp3 in Resources */,
				FF901255278BBF2D0039025F /* Main.storyboard in Resources */,
			);
			runOnlyForDeploymentPostprocessing = 0;
		};
		FF90125E278BBF2F0039025F /* Resources */ = {
			isa = PBXResourcesBuildPhase;
			buildActionMask = 2147483647;
			files = (
			);
			runOnlyForDeploymentPostprocessing = 0;
		};
		FF901268278BBF2F0039025F /* Resources */ = {
			isa = PBXResourcesBuildPhase;
			buildActionMask = 2147483647;
			files = (
			);
			runOnlyForDeploymentPostprocessing = 0;
		};
/* End PBXResourcesBuildPhase section */

/* Begin PBXShellScriptBuildPhase section */
		102495E0C4E228F27E24870A /* [CP] Check Pods Manifest.lock */ = {
			isa = PBXShellScriptBuildPhase;
			buildActionMask = 2147483647;
			files = (
			);
			inputFileListPaths = (
			);
			inputPaths = (
				"${PODS_PODFILE_DIR_PATH}/Podfile.lock",
				"${PODS_ROOT}/Manifest.lock",
			);
			name = "[CP] Check Pods Manifest.lock";
			outputFileListPaths = (
			);
			outputPaths = (
				"$(DERIVED_FILE_DIR)/Pods-TableTest-checkManifestLockResult.txt",
			);
			runOnlyForDeploymentPostprocessing = 0;
			shellPath = /bin/sh;
			shellScript = "diff \"${PODS_PODFILE_DIR_PATH}/Podfile.lock\" \"${PODS_ROOT}/Manifest.lock\" > /dev/null\nif [ $? != 0 ] ; then\n    # print error to STDERR\n    echo \"error: The sandbox is not in sync with the Podfile.lock. Run 'pod install' or update your CocoaPods installation.\" >&2\n    exit 1\nfi\n# This output is used by Xcode 'outputs' to avoid re-running this script phase.\necho \"SUCCESS\" > \"${SCRIPT_OUTPUT_FILE_0}\"\n";
			showEnvVarsInLog = 0;
		};
		99AE995C0F7456AB9245FC9E /* [CP] Embed Pods Frameworks */ = {
			isa = PBXShellScriptBuildPhase;
			buildActionMask = 2147483647;
			files = (
			);
			inputFileListPaths = (
				"${PODS_ROOT}/Target Support Files/Pods-TableTest/Pods-TableTest-frameworks-${CONFIGURATION}-input-files.xcfilelist",
			);
			name = "[CP] Embed Pods Frameworks";
			outputFileListPaths = (
				"${PODS_ROOT}/Target Support Files/Pods-TableTest/Pods-TableTest-frameworks-${CONFIGURATION}-output-files.xcfilelist",
			);
			runOnlyForDeploymentPostprocessing = 0;
			shellPath = /bin/sh;
			shellScript = "\"${PODS_ROOT}/Target Support Files/Pods-TableTest/Pods-TableTest-frameworks.sh\"\n";
			showEnvVarsInLog = 0;
		};
/* End PBXShellScriptBuildPhase section */

/* Begin PBXSourcesBuildPhase section */
		FF901246278BBF2D0039025F /* Sources */ = {
			isa = PBXSourcesBuildPhase;
			buildActionMask = 2147483647;
			files = (
				FF901252278BBF2D0039025F /* ViewController.swift in Sources */,
				FF901281278BE3410039025F /* Animal.swift in Sources */,
				FF90124E278BBF2D0039025F /* AppDelegate.swift in Sources */,
				FF901250278BBF2D0039025F /* SceneDelegate.swift in Sources */,
				FF901288278D1EF70039025F /* DetailsViewController.swift in Sources */,
			);
			runOnlyForDeploymentPostprocessing = 0;
		};
		FF90125C278BBF2F0039025F /* Sources */ = {
			isa = PBXSourcesBuildPhase;
			buildActionMask = 2147483647;
			files = (
				FF901265278BBF2F0039025F /* TableTestTests.swift in Sources */,
			);
			runOnlyForDeploymentPostprocessing = 0;
		};
		FF901266278BBF2F0039025F /* Sources */ = {
			isa = PBXSourcesBuildPhase;
			buildActionMask = 2147483647;
			files = (
				FF90126F278BBF2F0039025F /* TableTestUITests.swift in Sources */,
				FF901271278BBF2F0039025F /* TableTestUITestsLaunchTests.swift in Sources */,
			);
			runOnlyForDeploymentPostprocessing = 0;
		};
/* End PBXSourcesBuildPhase section */

/* Begin PBXTargetDependency section */
		FF901262278BBF2F0039025F /* PBXTargetDependency */ = {
			isa = PBXTargetDependency;
			target = FF901249278BBF2D0039025F /* TableTest */;
			targetProxy = FF901261278BBF2F0039025F /* PBXContainerItemProxy */;
		};
		FF90126C278BBF2F0039025F /* PBXTargetDependency */ = {
			isa = PBXTargetDependency;
			target = FF901249278BBF2D0039025F /* TableTest */;
			targetProxy = FF90126B278BBF2F0039025F /* PBXContainerItemProxy */;
		};
/* End PBXTargetDependency section */

/* Begin PBXVariantGroup section */
		FF901253278BBF2D0039025F /* Main.storyboard */ = {
			isa = PBXVariantGroup;
			children = (
				FF901254278BBF2D0039025F /* Base */,
			);
			name = Main.storyboard;
			sourceTree = "<group>";
		};
		FF901258278BBF2E0039025F /* LaunchScreen.storyboard */ = {
			isa = PBXVariantGroup;
			children = (
				FF901259278BBF2E0039025F /* Base */,
			);
			name = LaunchScreen.storyboard;
			sourceTree = "<group>";
		};
/* End PBXVariantGroup section */

/* Begin XCBuildConfiguration section */
		FF901272278BBF2F0039025F /* Debug */ = {
			isa = XCBuildConfiguration;
			buildSettings = {
				ALWAYS_SEARCH_USER_PATHS = NO;
				CLANG_ANALYZER_NONNULL = YES;
				CLANG_ANALYZER_NUMBER_OBJECT_CONVERSION = YES_AGGRESSIVE;
				CLANG_CXX_LANGUAGE_STANDARD = "gnu++17";
				CLANG_CXX_LIBRARY = "libc++";
				CLANG_ENABLE_MODULES = YES;
				CLANG_ENABLE_OBJC_ARC = YES;
				CLANG_ENABLE_OBJC_WEAK = YES;
				CLANG_WARN_BLOCK_CAPTURE_AUTORELEASING = YES;
				CLANG_WARN_BOOL_CONVERSION = YES;
				CLANG_WARN_COMMA = YES;
				CLANG_WARN_CONSTANT_CONVERSION = YES;
				CLANG_WARN_DEPRECATED_OBJC_IMPLEMENTATIONS = YES;
				CLANG_WARN_DIRECT_OBJC_ISA_USAGE = YES_ERROR;
				CLANG_WARN_DOCUMENTATION_COMMENTS = YES;
				CLANG_WARN_EMPTY_BODY = YES;
				CLANG_WARN_ENUM_CONVERSION = YES;
				CLANG_WARN_INFINITE_RECURSION = YES;
				CLANG_WARN_INT_CONVERSION = YES;
				CLANG_WARN_NON_LITERAL_NULL_CONVERSION = YES;
				CLANG_WARN_OBJC_IMPLICIT_RETAIN_SELF = YES;
				CLANG_WARN_OBJC_LITERAL_CONVERSION = YES;
				CLANG_WARN_OBJC_ROOT_CLASS = YES_ERROR;
				CLANG_WARN_QUOTED_INCLUDE_IN_FRAMEWORK_HEADER = YES;
				CLANG_WARN_RANGE_LOOP_ANALYSIS = YES;
				CLANG_WARN_STRICT_PROTOTYPES = YES;
				CLANG_WARN_SUSPICIOUS_MOVE = YES;
				CLANG_WARN_UNGUARDED_AVAILABILITY = YES_AGGRESSIVE;
				CLANG_WARN_UNREACHABLE_CODE = YES;
				CLANG_WARN__DUPLICATE_METHOD_MATCH = YES;
				COPY_PHASE_STRIP = NO;
				DEBUG_INFORMATION_FORMAT = dwarf;
				ENABLE_STRICT_OBJC_MSGSEND = YES;
				ENABLE_TESTABILITY = YES;
				GCC_C_LANGUAGE_STANDARD = gnu11;
				GCC_DYNAMIC_NO_PIC = NO;
				GCC_NO_COMMON_BLOCKS = YES;
				GCC_OPTIMIZATION_LEVEL = 0;
				GCC_PREPROCESSOR_DEFINITIONS = (
					"DEBUG=1",
					"$(inherited)",
				);
				GCC_WARN_64_TO_32_BIT_CONVERSION = YES;
				GCC_WARN_ABOUT_RETURN_TYPE = YES_ERROR;
				GCC_WARN_UNDECLARED_SELECTOR = YES;
				GCC_WARN_UNINITIALIZED_AUTOS = YES_AGGRESSIVE;
				GCC_WARN_UNUSED_FUNCTION = YES;
				GCC_WARN_UNUSED_VARIABLE = YES;
				IPHONEOS_DEPLOYMENT_TARGET = 15.2;
				MTL_ENABLE_DEBUG_INFO = INCLUDE_SOURCE;
				MTL_FAST_MATH = YES;
				ONLY_ACTIVE_ARCH = YES;
				SDKROOT = iphoneos;
				SWIFT_ACTIVE_COMPILATION_CONDITIONS = DEBUG;
				SWIFT_OPTIMIZATION_LEVEL = "-Onone";
			};
			name = Debug;
		};
		FF901273278BBF2F0039025F /* Release */ = {
			isa = XCBuildConfiguration;
			buildSettings = {
				ALWAYS_SEARCH_USER_PATHS = NO;
				CLANG_ANALYZER_NONNULL = YES;
				CLANG_ANALYZER_NUMBER_OBJECT_CONVERSION = YES_AGGRESSIVE;
				CLANG_CXX_LANGUAGE_STANDARD = "gnu++17";
				CLANG_CXX_LIBRARY = "libc++";
				CLANG_ENABLE_MODULES = YES;
				CLANG_ENABLE_OBJC_ARC = YES;
				CLANG_ENABLE_OBJC_WEAK = YES;
				CLANG_WARN_BLOCK_CAPTURE_AUTORELEASING = YES;
				CLANG_WARN_BOOL_CONVERSION = YES;
				CLANG_WARN_COMMA = YES;
				CLANG_WARN_CONSTANT_CONVERSION = YES;
				CLANG_WARN_DEPRECATED_OBJC_IMPLEMENTATIONS = YES;
				CLANG_WARN_DIRECT_OBJC_ISA_USAGE = YES_ERROR;
				CLANG_WARN_DOCUMENTATION_COMMENTS = YES;
				CLANG_WARN_EMPTY_BODY = YES;
				CLANG_WARN_ENUM_CONVERSION = YES;
				CLANG_WARN_INFINITE_RECURSION = YES;
				CLANG_WARN_INT_CONVERSION = YES;
				CLANG_WARN_NON_LITERAL_NULL_CONVERSION = YES;
				CLANG_WARN_OBJC_IMPLICIT_RETAIN_SELF = YES;
				CLANG_WARN_OBJC_LITERAL_CONVERSION = YES;
				CLANG_WARN_OBJC_ROOT_CLASS = YES_ERROR;
				CLANG_WARN_QUOTED_INCLUDE_IN_FRAMEWORK_HEADER = YES;
				CLANG_WARN_RANGE_LOOP_ANALYSIS = YES;
				CLANG_WARN_STRICT_PROTOTYPES = YES;
				CLANG_WARN_SUSPICIOUS_MOVE = YES;
				CLANG_WARN_UNGUARDED_AVAILABILITY = YES_AGGRESSIVE;
				CLANG_WARN_UNREACHABLE_CODE = YES;
				CLANG_WARN__DUPLICATE_METHOD_MATCH = YES;
				COPY_PHASE_STRIP = NO;
				DEBUG_INFORMATION_FORMAT = "dwarf-with-dsym";
				ENABLE_NS_ASSERTIONS = NO;
				ENABLE_STRICT_OBJC_MSGSEND = YES;
				GCC_C_LANGUAGE_STANDARD = gnu11;
				GCC_NO_COMMON_BLOCKS = YES;
				GCC_WARN_64_TO_32_BIT_CONVERSION = YES;
				GCC_WARN_ABOUT_RETURN_TYPE = YES_ERROR;
				GCC_WARN_UNDECLARED_SELECTOR = YES;
				GCC_WARN_UNINITIALIZED_AUTOS = YES_AGGRESSIVE;
				GCC_WARN_UNUSED_FUNCTION = YES;
				GCC_WARN_UNUSED_VARIABLE = YES;
				IPHONEOS_DEPLOYMENT_TARGET = 15.2;
				MTL_ENABLE_DEBUG_INFO = NO;
				MTL_FAST_MATH = YES;
				SDKROOT = iphoneos;
				SWIFT_COMPILATION_MODE = wholemodule;
				SWIFT_OPTIMIZATION_LEVEL = "-O";
				VALIDATE_PRODUCT = YES;
			};
			name = Release;
		};
		FF901275278BBF2F0039025F /* Debug */ = {
			isa = XCBuildConfiguration;
			baseConfigurationReference = 62D5907C5810850E73F6A4E9 /* Pods-TableTest.debug.xcconfig */;
			buildSettings = {
				ASSETCATALOG_COMPILER_APPICON_NAME = AppIcon;
				ASSETCATALOG_COMPILER_GLOBAL_ACCENT_COLOR_NAME = AccentColor;
				CODE_SIGN_STYLE = Automatic;
				CURRENT_PROJECT_VERSION = 1;
				DEVELOPMENT_TEAM = 3GCFJ6RJM9;
				GENERATE_INFOPLIST_FILE = YES;
				INFOPLIST_FILE = TableTest/Info.plist;
				INFOPLIST_KEY_UIApplicationSupportsIndirectInputEvents = YES;
				INFOPLIST_KEY_UILaunchStoryboardName = LaunchScreen;
				INFOPLIST_KEY_UIMainStoryboardFile = Main;
				INFOPLIST_KEY_UISupportedInterfaceOrientations_iPad = "UIInterfaceOrientationPortrait UIInterfaceOrientationPortraitUpsideDown UIInterfaceOrientationLandscapeLeft UIInterfaceOrientationLandscapeRight";
				INFOPLIST_KEY_UISupportedInterfaceOrientations_iPhone = "UIInterfaceOrientationPortrait UIInterfaceOrientationLandscapeLeft UIInterfaceOrientationLandscapeRight";
				LD_RUNPATH_SEARCH_PATHS = (
					"$(inherited)",
					"@executable_path/Frameworks",
				);
				MARKETING_VERSION = 1.0;
				PRODUCT_BUNDLE_IDENTIFIER = com.krdevteam.TableTest;
				PRODUCT_NAME = "$(TARGET_NAME)";
				SWIFT_EMIT_LOC_STRINGS = YES;
				SWIFT_VERSION = 5.0;
				TARGETED_DEVICE_FAMILY = "1,2";
			};
			name = Debug;
		};
		FF901276278BBF2F0039025F /* Release */ = {
			isa = XCBuildConfiguration;
			baseConfigurationReference = 3915C59A3E68DE5C1301CBD6 /* Pods-TableTest.release.xcconfig */;
			buildSettings = {
				ASSETCATALOG_COMPILER_APPICON_NAME = AppIcon;
				ASSETCATALOG_COMPILER_GLOBAL_ACCENT_COLOR_NAME = AccentColor;
				CODE_SIGN_STYLE = Automatic;
				CURRENT_PROJECT_VERSION = 1;
				DEVELOPMENT_TEAM = 3GCFJ6RJM9;
				GENERATE_INFOPLIST_FILE = YES;
				INFOPLIST_FILE = TableTest/Info.plist;
				INFOPLIST_KEY_UIApplicationSupportsIndirectInputEvents = YES;
				INFOPLIST_KEY_UILaunchStoryboardName = LaunchScreen;
				INFOPLIST_KEY_UIMainStoryboardFile = Main;
				INFOPLIST_KEY_UISupportedInterfaceOrientations_iPad = "UIInterfaceOrientationPortrait UIInterfaceOrientationPortraitUpsideDown UIInterfaceOrientationLandscapeLeft UIInterfaceOrientationLandscapeRight";
				INFOPLIST_KEY_UISupportedInterfaceOrientations_iPhone = "UIInterfaceOrientationPortrait UIInterfaceOrientationLandscapeLeft UIInterfaceOrientationLandscapeRight";
				LD_RUNPATH_SEARCH_PATHS = (
					"$(inherited)",
					"@executable_path/Frameworks",
				);
				MARKETING_VERSION = 1.0;
				PRODUCT_BUNDLE_IDENTIFIER = com.krdevteam.TableTest;
				PRODUCT_NAME = "$(TARGET_NAME)";
				SWIFT_EMIT_LOC_STRINGS = YES;
				SWIFT_VERSION = 5.0;
				TARGETED_DEVICE_FAMILY = "1,2";
			};
			name = Release;
		};
		FF901278278BBF2F0039025F /* Debug */ = {
			isa = XCBuildConfiguration;
			buildSettings = {
				ALWAYS_EMBED_SWIFT_STANDARD_LIBRARIES = YES;
				BUNDLE_LOADER = "$(TEST_HOST)";
				CODE_SIGN_STYLE = Automatic;
				CURRENT_PROJECT_VERSION = 1;
				DEVELOPMENT_TEAM = 3GCFJ6RJM9;
				GENERATE_INFOPLIST_FILE = YES;
				IPHONEOS_DEPLOYMENT_TARGET = 15.2;
				MARKETING_VERSION = 1.0;
				PRODUCT_BUNDLE_IDENTIFIER = com.krdevteam.TableTestTests;
				PRODUCT_NAME = "$(TARGET_NAME)";
				SWIFT_EMIT_LOC_STRINGS = NO;
				SWIFT_VERSION = 5.0;
				TARGETED_DEVICE_FAMILY = "1,2";
				TEST_HOST = "$(BUILT_PRODUCTS_DIR)/TableTest.app/TableTest";
			};
			name = Debug;
		};
		FF901279278BBF2F0039025F /* Release */ = {
			isa = XCBuildConfiguration;
			buildSettings = {
				ALWAYS_EMBED_SWIFT_STANDARD_LIBRARIES = YES;
				BUNDLE_LOADER = "$(TEST_HOST)";
				CODE_SIGN_STYLE = Automatic;
				CURRENT_PROJECT_VERSION = 1;
				DEVELOPMENT_TEAM = 3GCFJ6RJM9;
				GENERATE_INFOPLIST_FILE = YES;
				IPHONEOS_DEPLOYMENT_TARGET = 15.2;
				MARKETING_VERSION = 1.0;
				PRODUCT_BUNDLE_IDENTIFIER = com.krdevteam.TableTestTests;
				PRODUCT_NAME = "$(TARGET_NAME)";
				SWIFT_EMIT_LOC_STRINGS = NO;
				SWIFT_VERSION = 5.0;
				TARGETED_DEVICE_FAMILY = "1,2";
				TEST_HOST = "$(BUILT_PRODUCTS_DIR)/TableTest.app/TableTest";
			};
			name = Release;
		};
		FF90127B278BBF2F0039025F /* Debug */ = {
			isa = XCBuildConfiguration;
			buildSettings = {
				ALWAYS_EMBED_SWIFT_STANDARD_LIBRARIES = YES;
				CODE_SIGN_STYLE = Automatic;
				CURRENT_PROJECT_VERSION = 1;
				DEVELOPMENT_TEAM = 3GCFJ6RJM9;
				GENERATE_INFOPLIST_FILE = YES;
				MARKETING_VERSION = 1.0;
				PRODUCT_BUNDLE_IDENTIFIER = com.krdevteam.TableTestUITests;
				PRODUCT_NAME = "$(TARGET_NAME)";
				SWIFT_EMIT_LOC_STRINGS = NO;
				SWIFT_VERSION = 5.0;
				TARGETED_DEVICE_FAMILY = "1,2";
				TEST_TARGET_NAME = TableTest;
			};
			name = Debug;
		};
		FF90127C278BBF2F0039025F /* Release */ = {
			isa = XCBuildConfiguration;
			buildSettings = {
				ALWAYS_EMBED_SWIFT_STANDARD_LIBRARIES = YES;
				CODE_SIGN_STYLE = Automatic;
				CURRENT_PROJECT_VERSION = 1;
				DEVELOPMENT_TEAM = 3GCFJ6RJM9;
				GENERATE_INFOPLIST_FILE = YES;
				MARKETING_VERSION = 1.0;
				PRODUCT_BUNDLE_IDENTIFIER = com.krdevteam.TableTestUITests;
				PRODUCT_NAME = "$(TARGET_NAME)";
				SWIFT_EMIT_LOC_STRINGS = NO;
				SWIFT_VERSION = 5.0;
				TARGETED_DEVICE_FAMILY = "1,2";
				TEST_TARGET_NAME = TableTest;
			};
			name = Release;
		};
/* End XCBuildConfiguration section */

/* Begin XCConfigurationList section */
		FF901245278BBF2D0039025F /* Build configuration list for PBXProject "TableTest" */ = {
			isa = XCConfigurationList;
			buildConfigurations = (
				FF901272278BBF2F0039025F /* Debug */,
				FF901273278BBF2F0039025F /* Release */,
			);
			defaultConfigurationIsVisible = 0;
			defaultConfigurationName = Release;
		};
		FF901274278BBF2F0039025F /* Build configuration list for PBXNativeTarget "TableTest" */ = {
			isa = XCConfigurationList;
			buildConfigurations = (
				FF901275278BBF2F0039025F /* Debug */,
				FF901276278BBF2F0039025F /* Release */,
			);
			defaultConfigurationIsVisible = 0;
			defaultConfigurationName = Release;
		};
		FF901277278BBF2F0039025F /* Build configuration list for PBXNativeTarget "TableTestTests" */ = {
			isa = XCConfigurationList;
			buildConfigurations = (
				FF901278278BBF2F0039025F /* Debug */,
				FF901279278BBF2F0039025F /* Release */,
			);
			defaultConfigurationIsVisible = 0;
			defaultConfigurationName = Release;
		};
		FF90127A278BBF2F0039025F /* Build configuration list for PBXNativeTarget "TableTestUITests" */ = {
			isa = XCConfigurationList;
			buildConfigurations = (
				FF90127B278BBF2F0039025F /* Debug */,
				FF90127C278BBF2F0039025F /* Release */,
			);
			defaultConfigurationIsVisible = 0;
			defaultConfigurationName = Release;
		};
/* End XCConfigurationList section */
	};
	rootObject = FF901242278BBF2D0039025F /* Project object */;
}
